
Microsoft Visual Studio Solution File, Format Version 12.00
# Visual Studio Version 17
VisualStudioVersion = 17.11.35222.181
MinimumVisualStudioVersion = 10.0.40219.1
Project("{FAE04EC0-301F-11D3-BF4B-00C04F79EFBC}") = "KC Basic App GitHub", "KC Basic App GitHub.csproj", "{A13F0327-9B5C-45C1-9312-0DD6A34BC6D9}"
EndProject
Project("{9A19103F-16F7-4668-BE54-9A1E7A4F7556}") = "KC_Basic_App_Core.Tests", "..\KC_Basic_App_Core.Tests\KC_Basic_App_Core.Tests.csproj", "{18D0FF71-9AAF-4014-A42E-70CC82FE26F6}"
EndProject
Global
	GlobalSection(SolutionConfigurationPlatforms) = preSolution
		Debug|Any CPU = Debug|Any CPU
		Release|Any CPU = Release|Any CPU
	EndGlobalSection
	GlobalSection(ProjectConfigurationPlatforms) = postSolution
		{A13F0327-9B5C-45C1-9312-0DD6A34BC6D9}.Debug|Any CPU.ActiveCfg = Debug|Any CPU
		{A13F0327-9B5C-45C1-9312-0DD6A34BC6D9}.Debug|Any CPU.Build.0 = Debug|Any CPU
		{A13F0327-9B5C-45C1-9312-0DD6A34BC6D9}.Release|Any CPU.ActiveCfg = Release|Any CPU
		{A13F0327-9B5C-45C1-9312-0DD6A34BC6D9}.Release|Any CPU.Build.0 = Release|Any CPU
		{18D0FF71-9AAF-4014-A42E-70CC82FE26F6}.Debug|Any CPU.ActiveCfg = Debug|Any CPU
		{18D0FF71-9AAF-4014-A42E-70CC82FE26F6}.Debug|Any CPU.Build.0 = Debug|Any CPU
		{18D0FF71-9AAF-4014-A42E-70CC82FE26F6}.Release|Any CPU.ActiveCfg = Release|Any CPU
		{18D0FF71-9AAF-4014-A42E-70CC82FE26F6}.Release|Any CPU.Build.0 = Release|Any CPU
	EndGlobalSection
	GlobalSection(SolutionProperties) = preSolution
		HideSolutionNode = FALSE
	EndGlobalSection
	GlobalSection(ExtensibilityGlobals) = postSolution
		SolutionGuid = {DA7AF5A0-D9B5-4176-AE5D-A7409C1D5DF9}
	EndGlobalSection
EndGlobal
